
Microsoft Visual Studio Solution File, Format Version 12.00
# Visual Studio Version 17
VisualStudioVersion = 17.3.32811.315
MinimumVisualStudioVersion = 10.0.40219.1
Project("{8BC9CEB8-8B4A-11D0-8D11-00A0C91BC942}") = "R5", "R5\R5.vcxproj", "{D54A221D-5CCB-46B7-972B-D3C907CE642A}"
EndProject
Global
	GlobalSection(SolutionConfigurationPlatforms) = preSolution
		Debug|x64 = Debug|x64
		Debug|x86 = Debug|x86
		Release|x64 = Release|x64
		Release|x86 = Release|x86
	EndGlobalSection
	GlobalSection(ProjectConfigurationPlatforms) = postSolution
		{D54A221D-5CCB-46B7-972B-D3C907CE642A}.Debug|x64.ActiveCfg = Debug|x64
		{D54A221D-5CCB-46B7-972B-D3C907CE642A}.Debug|x64.Build.0 = Debug|x64
		{D54A221D-5CCB-46B7-972B-D3C907CE642A}.Debug|x86.ActiveCfg = Debug|Win32
		{D54A221D-5CCB-46B7-972B-D3C907CE642A}.Debug|x86.Build.0 = Debug|Win32
		{D54A221D-5CCB-46B7-972B-D3C907CE642A}.Release|x64.ActiveCfg = Release|x64
		{D54A221D-5CCB-46B7-972B-D3C907CE642A}.Release|x64.Build.0 = Release|x64
		{D54A221D-5CCB-46B7-972B-D3C907CE642A}.Release|x86.ActiveCfg = Release|Win32
		{D54A221D-5CCB-46B7-972B-D3C907CE642A}.Release|x86.Build.0 = Release|Win32
	EndGlobalSection
	GlobalSection(SolutionProperties) = preSolution
		HideSolutionNode = FALSE
	EndGlobalSection
	GlobalSection(ExtensibilityGlobals) = postSolution
		SolutionGuid = {16D77D8E-2203-4C08-BFA3-8575D88A9794}
	EndGlobalSection
EndGlobal
